
Microsoft Visual Studio Solution File, Format Version 12.00
# Visual Studio 15
VisualStudioVersion = 15.0.26430.15
MinimumVisualStudioVersion = 10.0.40219.1
Project("{FAE04EC0-301F-11D3-BF4B-00C04F79EFBC}") = "MednaNetAPI", "ChatAPI\MednaNetAPI.csproj", "{38F2FB23-7ADB-4E0E-B5F1-D639E1C4B867}"
EndProject
Project("{FAE04EC0-301F-11D3-BF4B-00C04F79EFBC}") = "Chatter", "Chatter\Chatter.csproj", "{D0329E55-86C0-4508-A184-C6BE052BAE80}"
EndProject
Project("{FAE04EC0-301F-11D3-BF4B-00C04F79EFBC}") = "MednaNetAPIClient", "ChatAPIClient\MednaNetAPIClient.csproj", "{AA7C3CF6-2C61-4B01-994C-F57634B2A695}"
EndProject
Global
	GlobalSection(SolutionConfigurationPlatforms) = preSolution
		Debug|Any CPU = Debug|Any CPU
		Release|Any CPU = Release|Any CPU
	EndGlobalSection
	GlobalSection(ProjectConfigurationPlatforms) = postSolution
		{38F2FB23-7ADB-4E0E-B5F1-D639E1C4B867}.Debug|Any CPU.ActiveCfg = Debug|Any CPU
		{38F2FB23-7ADB-4E0E-B5F1-D639E1C4B867}.Debug|Any CPU.Build.0 = Debug|Any CPU
		{38F2FB23-7ADB-4E0E-B5F1-D639E1C4B867}.Release|Any CPU.ActiveCfg = Release|Any CPU
		{38F2FB23-7ADB-4E0E-B5F1-D639E1C4B867}.Release|Any CPU.Build.0 = Release|Any CPU
		{D0329E55-86C0-4508-A184-C6BE052BAE80}.Debug|Any CPU.ActiveCfg = Debug|Any CPU
		{D0329E55-86C0-4508-A184-C6BE052BAE80}.Debug|Any CPU.Build.0 = Debug|Any CPU
		{D0329E55-86C0-4508-A184-C6BE052BAE80}.Release|Any CPU.ActiveCfg = Release|Any CPU
		{D0329E55-86C0-4508-A184-C6BE052BAE80}.Release|Any CPU.Build.0 = Release|Any CPU
		{AA7C3CF6-2C61-4B01-994C-F57634B2A695}.Debug|Any CPU.ActiveCfg = Debug|Any CPU
		{AA7C3CF6-2C61-4B01-994C-F57634B2A695}.Debug|Any CPU.Build.0 = Debug|Any CPU
		{AA7C3CF6-2C61-4B01-994C-F57634B2A695}.Release|Any CPU.ActiveCfg = Release|Any CPU
		{AA7C3CF6-2C61-4B01-994C-F57634B2A695}.Release|Any CPU.Build.0 = Release|Any CPU
	EndGlobalSection
	GlobalSection(SolutionProperties) = preSolution
		HideSolutionNode = FALSE
	EndGlobalSection
EndGlobal
